
Microsoft Visual Studio Solution File, Format Version 12.00
# Visual Studio Version 17
VisualStudioVersion = 17.11.35327.3
MinimumVisualStudioVersion = 10.0.40219.1
Project("{FAE04EC0-301F-11D3-BF4B-00C04F79EFBC}") = "Sem 1-2 ex5", "Sem 1-2 ex5\Sem 1-2 ex5.csproj", "{1999122E-7932-45D9-B92D-ACA9ABEEDA7C}"
EndProject
Global
	GlobalSection(SolutionConfigurationPlatforms) = preSolution
		Debug|Any CPU = Debug|Any CPU
		Release|Any CPU = Release|Any CPU
	EndGlobalSection
	GlobalSection(ProjectConfigurationPlatforms) = postSolution
		{1999122E-7932-45D9-B92D-ACA9ABEEDA7C}.Debug|Any CPU.ActiveCfg = Debug|Any CPU
		{1999122E-7932-45D9-B92D-ACA9ABEEDA7C}.Debug|Any CPU.Build.0 = Debug|Any CPU
		{1999122E-7932-45D9-B92D-ACA9ABEEDA7C}.Release|Any CPU.ActiveCfg = Release|Any CPU
		{1999122E-7932-45D9-B92D-ACA9ABEEDA7C}.Release|Any CPU.Build.0 = Release|Any CPU
	EndGlobalSection
	GlobalSection(SolutionProperties) = preSolution
		HideSolutionNode = FALSE
	EndGlobalSection
	GlobalSection(ExtensibilityGlobals) = postSolution
		SolutionGuid = {A294E093-BE07-4D6E-B4C7-AB340F2B83FD}
	EndGlobalSection
EndGlobal
